// !$*UTF8*$!
{
	archiveVersion = 1;
	classes = {
	};
	objectVersion = 55;
	objects = {

/* Begin PBXBuildFile section */
		042D25F328055FA10086DDED /* AppDelegate.swift in Sources */ = {isa = PBXBuildFile; fileRef = 042D25F228055FA10086DDED /* AppDelegate.swift */; };
		042D25F528055FA10086DDED /* SceneDelegate.swift in Sources */ = {isa = PBXBuildFile; fileRef = 042D25F428055FA10086DDED /* SceneDelegate.swift */; };
		042D25F728055FA10086DDED /* DisplayStudentDataViewController.swift in Sources */ = {isa = PBXBuildFile; fileRef = 042D25F628055FA10086DDED /* DisplayStudentDataViewController.swift */; };
		042D25FA28055FA10086DDED /* Main.storyboard in Resources */ = {isa = PBXBuildFile; fileRef = 042D25F828055FA10086DDED /* Main.storyboard */; };
		042D25FC28055FA30086DDED /* Assets.xcassets in Resources */ = {isa = PBXBuildFile; fileRef = 042D25FB28055FA30086DDED /* Assets.xcassets */; };
		042D25FF28055FA30086DDED /* LaunchScreen.storyboard in Resources */ = {isa = PBXBuildFile; fileRef = 042D25FD28055FA30086DDED /* LaunchScreen.storyboard */; };
		042D26072805608D0086DDED /* DisplayStudentCollectionViewController.swift in Sources */ = {isa = PBXBuildFile; fileRef = 042D26062805608D0086DDED /* DisplayStudentCollectionViewController.swift */; };
		042D2609280560F40086DDED /* AddStudentDataViewController.swift in Sources */ = {isa = PBXBuildFile; fileRef = 042D2608280560F40086DDED /* AddStudentDataViewController.swift */; };
		042D260B280561AE0086DDED /* Student Data Model.swift in Sources */ = {isa = PBXBuildFile; fileRef = 042D260A280561AE0086DDED /* Student Data Model.swift */; };
		042D260E280562780086DDED /* StudentCollectionViewCell.swift in Sources */ = {isa = PBXBuildFile; fileRef = 042D260C280562780086DDED /* StudentCollectionViewCell.swift */; };
		042D260F280562780086DDED /* StudentCollectionViewCell.xib in Resources */ = {isa = PBXBuildFile; fileRef = 042D260D280562780086DDED /* StudentCollectionViewCell.xib */; };
		042D26122805628A0086DDED /* StudentTableViewCell.xib in Resources */ = {isa = PBXBuildFile; fileRef = 042D26102805628A0086DDED /* StudentTableViewCell.xib */; };
		042D26132805628A0086DDED /* StudentTableViewCell.swift in Sources */ = {isa = PBXBuildFile; fileRef = 042D26112805628A0086DDED /* StudentTableViewCell.swift */; };
/* End PBXBuildFile section */

/* Begin PBXFileReference section */
		042D25EF28055FA10086DDED /* StudentDetailsTableViewCollectionView.app */ = {isa = PBXFileReference; explicitFileType = wrapper.application; includeInIndex = 0; path = StudentDetailsTableViewCollectionView.app; sourceTree = BUILT_PRODUCTS_DIR; };
		042D25F228055FA10086DDED /* AppDelegate.swift */ = {isa = PBXFileReference; lastKnownFileType = sourcecode.swift; path = AppDelegate.swift; sourceTree = "<group>"; };
		042D25F428055FA10086DDED /* SceneDelegate.swift */ = {isa = PBXFileReference; lastKnownFileType = sourcecode.swift; path = SceneDelegate.swift; sourceTree = "<group>"; };
		042D25F628055FA10086DDED /* DisplayStudentDataViewController.swift */ = {isa = PBXFileReference; lastKnownFileType = sourcecode.swift; path = DisplayStudentDataViewController.swift; sourceTree = "<group>"; };
		042D25F928055FA10086DDED /* Base */ = {isa = PBXFileReference; lastKnownFileType = file.storyboard; name = Base; path = Base.lproj/Main.storyboard; sourceTree = "<group>"; };
		042D25FB28055FA30086DDED /* Assets.xcassets */ = {isa = PBXFileReference; lastKnownFileType = folder.assetcatalog; path = Assets.xcassets; sourceTree = "<group>"; };
		042D25FE28055FA30086DDED /* Base */ = {isa = PBXFileReference; lastKnownFileType = file.storyboard; name = Base; path = Base.lproj/LaunchScreen.storyboard; sourceTree = "<group>"; };
		042D260028055FA30086DDED /* Info.plist */ = {isa = PBXFileReference; lastKnownFileType = text.plist.xml; path = Info.plist; sourceTree = "<group>"; };
		042D26062805608D0086DDED /* DisplayStudentCollectionViewController.swift */ = {isa = PBXFileReference; lastKnownFileType = sourcecode.swift; path = DisplayStudentCollectionViewController.swift; sourceTree = "<group>"; };
		042D2608280560F40086DDED /* AddStudentDataViewController.swift */ = {isa = PBXFileReference; lastKnownFileType = sourcecode.swift; path = AddStudentDataViewController.swift; sourceTree = "<group>"; };
		042D260A280561AE0086DDED /* Student Data Model.swift */ = {isa = PBXFileReference; lastKnownFileType = sourcecode.swift; path = "Student Data Model.swift"; sourceTree = "<group>"; };
		042D260C280562780086DDED /* StudentCollectionViewCell.swift */ = {isa = PBXFileReference; fileEncoding = 4; lastKnownFileType = sourcecode.swift; path = StudentCollectionViewCell.swift; sourceTree = "<group>"; };
		042D260D280562780086DDED /* StudentCollectionViewCell.xib */ = {isa = PBXFileReference; fileEncoding = 4; lastKnownFileType = file.xib; path = StudentCollectionViewCell.xib; sourceTree = "<group>"; };
		042D26102805628A0086DDED /* StudentTableViewCell.xib */ = {isa = PBXFileReference; fileEncoding = 4; lastKnownFileType = file.xib; path = StudentTableViewCell.xib; sourceTree = "<group>"; };
		042D26112805628A0086DDED /* StudentTableViewCell.swift */ = {isa = PBXFileReference; fileEncoding = 4; lastKnownFileType = sourcecode.swift; path = StudentTableViewCell.swift; sourceTree = "<group>"; };
/* End PBXFileReference section */

/* Begin PBXFrameworksBuildPhase section */
		042D25EC28055FA10086DDED /* Frameworks */ = {
			isa = PBXFrameworksBuildPhase;
			buildActionMask = 2147483647;
			files = (
			);
			runOnlyForDeploymentPostprocessing = 0;
		};
/* End PBXFrameworksBuildPhase section */

/* Begin PBXGroup section */
		042D25E628055FA10086DDED = {
			isa = PBXGroup;
			children = (
				042D25F128055FA10086DDED /* StudentDetailsTableViewCollectionView */,
				042D25F028055FA10086DDED /* Products */,
			);
			sourceTree = "<group>";
		};
		042D25F028055FA10086DDED /* Products */ = {
			isa = PBXGroup;
			children = (
				042D25EF28055FA10086DDED /* StudentDetailsTableViewCollectionView.app */,
			);
			name = Products;
			sourceTree = "<group>";
		};
		042D25F128055FA10086DDED /* StudentDetailsTableViewCollectionView */ = {
			isa = PBXGroup;
			children = (
				042D2614280564AE0086DDED /* Model */,
				042D2616280564F70086DDED /* View */,
				042D2615280564CC0086DDED /* Controllers */,
				042D2617280565280086DDED /* CustomCollectionViewCell */,
				042D2618280565620086DDED /* CustomTableViewCell */,
				042D25F228055FA10086DDED /* AppDelegate.swift */,
				042D25F428055FA10086DDED /* SceneDelegate.swift */,
				042D25FB28055FA30086DDED /* Assets.xcassets */,
				042D260028055FA30086DDED /* Info.plist */,
			);
			path = StudentDetailsTableViewCollectionView;
			sourceTree = "<group>";
		};
		042D2614280564AE0086DDED /* Model */ = {
			isa = PBXGroup;
			children = (
				042D260A280561AE0086DDED /* Student Data Model.swift */,
			);
			path = Model;
			sourceTree = "<group>";
		};
		042D2615280564CC0086DDED /* Controllers */ = {
			isa = PBXGroup;
			children = (
				042D25F628055FA10086DDED /* DisplayStudentDataViewController.swift */,
				042D26062805608D0086DDED /* DisplayStudentCollectionViewController.swift */,
				042D2608280560F40086DDED /* AddStudentDataViewController.swift */,
			);
			path = Controllers;
			sourceTree = "<group>";
		};
		042D2616280564F70086DDED /* View */ = {
			isa = PBXGroup;
			children = (
				042D25F828055FA10086DDED /* Main.storyboard */,
				042D25FD28055FA30086DDED /* LaunchScreen.storyboard */,
			);
			path = View;
			sourceTree = "<group>";
		};
		042D2617280565280086DDED /* CustomCollectionViewCell */ = {
			isa = PBXGroup;
			children = (
				042D260C280562780086DDED /* StudentCollectionViewCell.swift */,
				042D260D280562780086DDED /* StudentCollectionViewCell.xib */,
			);
			path = CustomCollectionViewCell;
			sourceTree = "<group>";
		};
		042D2618280565620086DDED /* CustomTableViewCell */ = {
			isa = PBXGroup;
			children = (
				042D26112805628A0086DDED /* StudentTableViewCell.swift */,
				042D26102805628A0086DDED /* StudentTableViewCell.xib */,
			);
			path = CustomTableViewCell;
			sourceTree = "<group>";
		};
/* End PBXGroup section */

/* Begin PBXNativeTarget section */
		042D25EE28055FA10086DDED /* StudentDetailsTableViewCollectionView */ = {
			isa = PBXNativeTarget;
			buildConfigurationList = 042D260328055FA30086DDED /* Build configuration list for PBXNativeTarget "StudentDetailsTableViewCollectionView" */;
			buildPhases = (
				042D25EB28055FA10086DDED /* Sources */,
				042D25EC28055FA10086DDED /* Frameworks */,
				042D25ED28055FA10086DDED /* Resources */,
			);
			buildRules = (
			);
			dependencies = (
			);
			name = StudentDetailsTableViewCollectionView;
			productName = StudentDetailsTableViewCollectionView;
			productReference = 042D25EF28055FA10086DDED /* StudentDetailsTableViewCollectionView.app */;
			productType = "com.apple.product-type.application";
		};
/* End PBXNativeTarget section */

/* Begin PBXProject section */
		042D25E728055FA10086DDED /* Project object */ = {
			isa = PBXProject;
			attributes = {
				BuildIndependentTargetsInParallel = 1;
				LastSwiftUpdateCheck = 1320;
				LastUpgradeCheck = 1320;
				TargetAttributes = {
					042D25EE28055FA10086DDED = {
						CreatedOnToolsVersion = 13.2.1;
					};
				};
			};
			buildConfigurationList = 042D25EA28055FA10086DDED /* Build configuration list for PBXProject "StudentDetailsTableViewCollectionView" */;
			compatibilityVersion = "Xcode 13.0";
			developmentRegion = en;
			hasScannedForEncodings = 0;
			knownRegions = (
				en,
				Base,
			);
			mainGroup = 042D25E628055FA10086DDED;
			productRefGroup = 042D25F028055FA10086DDED /* Products */;
			projectDirPath = "";
			projectRoot = "";
			targets = (
				042D25EE28055FA10086DDED /* StudentDetailsTableViewCollectionView */,
			);
		};
/* End PBXProject section */

/* Begin PBXResourcesBuildPhase section */
		042D25ED28055FA10086DDED /* Resources */ = {
			isa = PBXResourcesBuildPhase;
			buildActionMask = 2147483647;
			files = (
				042D260F280562780086DDED /* StudentCollectionViewCell.xib in Resources */,
				042D25FF28055FA30086DDED /* LaunchScreen.storyboard in Resources */,
				042D25FC28055FA30086DDED /* Assets.xcassets in Resources */,
				042D25FA28055FA10086DDED /* Main.storyboard in Resources */,
				042D26122805628A0086DDED /* StudentTableViewCell.xib in Resources */,
			);
			runOnlyForDeploymentPostprocessing = 0;
		};
/* End PBXResourcesBuildPhase section */

/* Begin PBXSourcesBuildPhase section */
		042D25EB28055FA10086DDED /* Sources */ = {
			isa = PBXSourcesBuildPhase;
			buildActionMask = 2147483647;
			files = (
				042D260E280562780086DDED /* StudentCollectionViewCell.swift in Sources */,
				042D260B280561AE0086DDED /* Student Data Model.swift in Sources */,
				042D2609280560F40086DDED /* AddStudentDataViewController.swift in Sources */,
				042D25F728055FA10086DDED /* DisplayStudentDataViewController.swift in Sources */,
				042D25F328055FA10086DDED /* AppDelegate.swift in Sources */,
				042D25F528055FA10086DDED /* SceneDelegate.swift in Sources */,
				042D26072805608D0086DDED /* DisplayStudentCollectionViewController.swift in Sources */,
				042D26132805628A0086DDED /* StudentTableViewCell.swift in Sources */,
			);
			runOnlyForDeploymentPostprocessing = 0;
		};
/* End PBXSourcesBuildPhase section */

/* Begin PBXVariantGroup section */
		042D25F828055FA10086DDED /* Main.storyboard */ = {
			isa = PBXVariantGroup;
			children = (
				042D25F928055FA10086DDED /* Base */,
			);
			name = Main.storyboard;
			sourceTree = "<group>";
		};
		042D25FD28055FA30086DDED /* LaunchScreen.storyboard */ = {
			isa = PBXVariantGroup;
			children = (
				042D25FE28055FA30086DDED /* Base */,
			);
			name = LaunchScreen.storyboard;
			sourceTree = "<group>";
		};
/* End PBXVariantGroup section */

/* Begin XCBuildConfiguration section */
		042D260128055FA30086DDED /* Debug */ = {
			isa = XCBuildConfiguration;
			buildSettings = {
				ALWAYS_SEARCH_USER_PATHS = NO;
				CLANG_ANALYZER_NONNULL = YES;
				CLANG_ANALYZER_NUMBER_OBJECT_CONVERSION = YES_AGGRESSIVE;
				CLANG_CXX_LANGUAGE_STANDARD = "gnu++17";
				CLANG_CXX_LIBRARY = "libc++";
				CLANG_ENABLE_MODULES = YES;
				CLANG_ENABLE_OBJC_ARC = YES;
				CLANG_ENABLE_OBJC_WEAK = YES;
				CLANG_WARN_BLOCK_CAPTURE_AUTORELEASING = YES;
				CLANG_WARN_BOOL_CONVERSION = YES;
				CLANG_WARN_COMMA = YES;
				CLANG_WARN_CONSTANT_CONVERSION = YES;
				CLANG_WARN_DEPRECATED_OBJC_IMPLEMENTATIONS = YES;
				CLANG_WARN_DIRECT_OBJC_ISA_USAGE = YES_ERROR;
				CLANG_WARN_DOCUMENTATION_COMMENTS = YES;
				CLANG_WARN_EMPTY_BODY = YES;
				CLANG_WARN_ENUM_CONVERSION = YES;
				CLANG_WARN_INFINITE_RECURSION = YES;
				CLANG_WARN_INT_CONVERSION = YES;
				CLANG_WARN_NON_LITERAL_NULL_CONVERSION = YES;
				CLANG_WARN_OBJC_IMPLICIT_RETAIN_SELF = YES;
				CLANG_WARN_OBJC_LITERAL_CONVERSION = YES;
				CLANG_WARN_OBJC_ROOT_CLASS = YES_ERROR;
				CLANG_WARN_QUOTED_INCLUDE_IN_FRAMEWORK_HEADER = YES;
				CLANG_WARN_RANGE_LOOP_ANALYSIS = YES;
				CLANG_WARN_STRICT_PROTOTYPES = YES;
				CLANG_WARN_SUSPICIOUS_MOVE = YES;
				CLANG_WARN_UNGUARDED_AVAILABILITY = YES_AGGRESSIVE;
				CLANG_WARN_UNREACHABLE_CODE = YES;
				CLANG_WARN__DUPLICATE_METHOD_MATCH = YES;
				COPY_PHASE_STRIP = NO;
				DEBUG_INFORMATION_FORMAT = dwarf;
				ENABLE_STRICT_OBJC_MSGSEND = YES;
				ENABLE_TESTABILITY = YES;
				GCC_C_LANGUAGE_STANDARD = gnu11;
				GCC_DYNAMIC_NO_PIC = NO;
				GCC_NO_COMMON_BLOCKS = YES;
				GCC_OPTIMIZATION_LEVEL = 0;
				GCC_PREPROCESSOR_DEFINITIONS = (
					"DEBUG=1",
					"$(inherited)",
				);
				GCC_WARN_64_TO_32_BIT_CONVERSION = YES;
				GCC_WARN_ABOUT_RETURN_TYPE = YES_ERROR;
				GCC_WARN_UNDECLARED_SELECTOR = YES;
				GCC_WARN_UNINITIALIZED_AUTOS = YES_AGGRESSIVE;
				GCC_WARN_UNUSED_FUNCTION = YES;
				GCC_WARN_UNUSED_VARIABLE = YES;
				IPHONEOS_DEPLOYMENT_TARGET = 15.2;
				MTL_ENABLE_DEBUG_INFO = INCLUDE_SOURCE;
				MTL_FAST_MATH = YES;
				ONLY_ACTIVE_ARCH = YES;
				SDKROOT = iphoneos;
				SWIFT_ACTIVE_COMPILATION_CONDITIONS = DEBUG;
				SWIFT_OPTIMIZATION_LEVEL = "-Onone";
			};
			name = Debug;
		};
		042D260228055FA30086DDED /* Release */ = {
			isa = XCBuildConfiguration;
			buildSettings = {
				ALWAYS_SEARCH_USER_PATHS = NO;
				CLANG_ANALYZER_NONNULL = YES;
				CLANG_ANALYZER_NUMBER_OBJECT_CONVERSION = YES_AGGRESSIVE;
				CLANG_CXX_LANGUAGE_STANDARD = "gnu++17";
				CLANG_CXX_LIBRARY = "libc++";
				CLANG_ENABLE_MODULES = YES;
				CLANG_ENABLE_OBJC_ARC = YES;
				CLANG_ENABLE_OBJC_WEAK = YES;
				CLANG_WARN_BLOCK_CAPTURE_AUTORELEASING = YES;
				CLANG_WARN_BOOL_CONVERSION = YES;
				CLANG_WARN_COMMA = YES;
				CLANG_WARN_CONSTANT_CONVERSION = YES;
				CLANG_WARN_DEPRECATED_OBJC_IMPLEMENTATIONS = YES;
				CLANG_WARN_DIRECT_OBJC_ISA_USAGE = YES_ERROR;
				CLANG_WARN_DOCUMENTATION_COMMENTS = YES;
				CLANG_WARN_EMPTY_BODY = YES;
				CLANG_WARN_ENUM_CONVERSION = YES;
				CLANG_WARN_INFINITE_RECURSION = YES;
				CLANG_WARN_INT_CONVERSION = YES;
				CLANG_WARN_NON_LITERAL_NULL_CONVERSION = YES;
				CLANG_WARN_OBJC_IMPLICIT_RETAIN_SELF = YES;
				CLANG_WARN_OBJC_LITERAL_CONVERSION = YES;
				CLANG_WARN_OBJC_ROOT_CLASS = YES_ERROR;
				CLANG_WARN_QUOTED_INCLUDE_IN_FRAMEWORK_HEADER = YES;
				CLANG_WARN_RANGE_LOOP_ANALYSIS = YES;
				CLANG_WARN_STRICT_PROTOTYPES = YES;
				CLANG_WARN_SUSPICIOUS_MOVE = YES;
				CLANG_WARN_UNGUARDED_AVAILABILITY = YES_AGGRESSIVE;
				CLANG_WARN_UNREACHABLE_CODE = YES;
				CLANG_WARN__DUPLICATE_METHOD_MATCH = YES;
				COPY_PHASE_STRIP = NO;
				DEBUG_INFORMATION_FORMAT = "dwarf-with-dsym";
				ENABLE_NS_ASSERTIONS = NO;
				ENABLE_STRICT_OBJC_MSGSEND = YES;
				GCC_C_LANGUAGE_STANDARD = gnu11;
				GCC_NO_COMMON_BLOCKS = YES;
				GCC_WARN_64_TO_32_BIT_CONVERSION = YES;
				GCC_WARN_ABOUT_RETURN_TYPE = YES_ERROR;
				GCC_WARN_UNDECLARED_SELECTOR = YES;
				GCC_WARN_UNINITIALIZED_AUTOS = YES_AGGRESSIVE;
				GCC_WARN_UNUSED_FUNCTION = YES;
				GCC_WARN_UNUSED_VARIABLE = YES;
				IPHONEOS_DEPLOYMENT_TARGET = 15.2;
				MTL_ENABLE_DEBUG_INFO = NO;
				MTL_FAST_MATH = YES;
				SDKROOT = iphoneos;
				SWIFT_COMPILATION_MODE = wholemodule;
				SWIFT_OPTIMIZATION_LEVEL = "-O";
				VALIDATE_PRODUCT = YES;
			};
			name = Release;
		};
		042D260428055FA30086DDED /* Debug */ = {
			isa = XCBuildConfiguration;
			buildSettings = {
				ASSETCATALOG_COMPILER_APPICON_NAME = AppIcon;
				ASSETCATALOG_COMPILER_GLOBAL_ACCENT_COLOR_NAME = AccentColor;
				CODE_SIGN_STYLE = Automatic;
				CURRENT_PROJECT_VERSION = 1;
				GENERATE_INFOPLIST_FILE = YES;
				INFOPLIST_FILE = StudentDetailsTableViewCollectionView/Info.plist;
				INFOPLIST_KEY_UIApplicationSupportsIndirectInputEvents = YES;
				INFOPLIST_KEY_UILaunchStoryboardName = LaunchScreen;
				INFOPLIST_KEY_UIMainStoryboardFile = Main;
				INFOPLIST_KEY_UISupportedInterfaceOrientations_iPad = "UIInterfaceOrientationPortrait UIInterfaceOrientationPortraitUpsideDown UIInterfaceOrientationLandscapeLeft UIInterfaceOrientationLandscapeRight";
				INFOPLIST_KEY_UISupportedInterfaceOrientations_iPhone = "UIInterfaceOrientationPortrait UIInterfaceOrientationLandscapeLeft UIInterfaceOrientationLandscapeRight";
				LD_RUNPATH_SEARCH_PATHS = (
					"$(inherited)",
					"@executable_path/Frameworks",
				);
				MARKETING_VERSION = 1.0;
				PRODUCT_BUNDLE_IDENTIFIER = Prathamesh.StudentDetailsTableViewCollectionView;
				PRODUCT_NAME = "$(TARGET_NAME)";
				SWIFT_EMIT_LOC_STRINGS = YES;
				SWIFT_VERSION = 5.0;
				TARGETED_DEVICE_FAMILY = "1,2";
			};
			name = Debug;
		};
		042D260528055FA30086DDED /* Release */ = {
			isa = XCBuildConfiguration;
			buildSettings = {
				ASSETCATALOG_COMPILER_APPICON_NAME = AppIcon;
				ASSETCATALOG_COMPILER_GLOBAL_ACCENT_COLOR_NAME = AccentColor;
				CODE_SIGN_STYLE = Automatic;
				CURRENT_PROJECT_VERSION = 1;
				GENERATE_INFOPLIST_FILE = YES;
				INFOPLIST_FILE = StudentDetailsTableViewCollectionView/Info.plist;
				INFOPLIST_KEY_UIApplicationSupportsIndirectInputEvents = YES;
				INFOPLIST_KEY_UILaunchStoryboardName = LaunchScreen;
				INFOPLIST_KEY_UIMainStoryboardFile = Main;
				INFOPLIST_KEY_UISupportedInterfaceOrientations_iPad = "UIInterfaceOrientationPortrait UIInterfaceOrientationPortraitUpsideDown UIInterfaceOrientationLandscapeLeft UIInterfaceOrientationLandscapeRight";
				INFOPLIST_KEY_UISupportedInterfaceOrientations_iPhone = "UIInterfaceOrientationPortrait UIInterfaceOrientationLandscapeLeft UIInterfaceOrientationLandscapeRight";
				LD_RUNPATH_SEARCH_PATHS = (
					"$(inherited)",
					"@executable_path/Frameworks",
				);
				MARKETING_VERSION = 1.0;
				PRODUCT_BUNDLE_IDENTIFIER = Prathamesh.StudentDetailsTableViewCollectionView;
				PRODUCT_NAME = "$(TARGET_NAME)";
				SWIFT_EMIT_LOC_STRINGS = YES;
				SWIFT_VERSION = 5.0;
				TARGETED_DEVICE_FAMILY = "1,2";
			};
			name = Release;
		};
/* End XCBuildConfiguration section */

/* Begin XCConfigurationList section */
		042D25EA28055FA10086DDED /* Build configuration list for PBXProject "StudentDetailsTableViewCollectionView" */ = {
			isa = XCConfigurationList;
			buildConfigurations = (
				042D260128055FA30086DDED /* Debug */,
				042D260228055FA30086DDED /* Release */,
			);
			defaultConfigurationIsVisible = 0;
			defaultConfigurationName = Release;
		};
		042D260328055FA30086DDED /* Build configuration list for PBXNativeTarget "StudentDetailsTableViewCollectionView" */ = {
			isa = XCConfigurationList;
			buildConfigurations = (
				042D260428055FA30086DDED /* Debug */,
				042D260528055FA30086DDED /* Release */,
			);
			defaultConfigurationIsVisible = 0;
			defaultConfigurationName = Release;
		};
/* End XCConfigurationList section */
	};
	rootObject = 042D25E728055FA10086DDED /* Project object */;
}
